
Microsoft Visual Studio Solution File, Format Version 12.00
# Visual Studio Version 17
VisualStudioVersion = 17.11.35222.181
MinimumVisualStudioVersion = 10.0.40219.1
Project("{FAE04EC0-301F-11D3-BF4B-00C04F79EFBC}") = "AdventOfCode", "AdventOfCode\AdventOfCode.csproj", "{205C9BB3-AA8B-4D48-B531-995BA07AFE81}"
EndProject
Project("{FAE04EC0-301F-11D3-BF4B-00C04F79EFBC}") = "day1", "day1\day1.csproj", "{91D84D93-3FBC-4B54-8FA1-15D14D417A39}"
EndProject
Project("{FAE04EC0-301F-11D3-BF4B-00C04F79EFBC}") = "day2", "day2\day2.csproj", "{0A742787-9B72-4237-A4B0-74006858F1C0}"
EndProject
Project("{FAE04EC0-301F-11D3-BF4B-00C04F79EFBC}") = "day3", "day3\day3.csproj", "{3DFB42AF-E429-420C-909D-9048818D4E13}"
EndProject
Project("{FAE04EC0-301F-11D3-BF4B-00C04F79EFBC}") = "day4", "day4\day4.csproj", "{BA40C795-8D55-4789-9EBE-1D2AC4944E03}"
EndProject
Project("{FAE04EC0-301F-11D3-BF4B-00C04F79EFBC}") = "day5", "day5\day5.csproj", "{AADB9CFF-74A7-49A0-B07F-E2B81EA25A93}"
EndProject
Project("{FAE04EC0-301F-11D3-BF4B-00C04F79EFBC}") = "day6", "day6\day6.csproj", "{0A40E9A6-7927-479B-B121-2513004A0A7B}"
EndProject
Project("{FAE04EC0-301F-11D3-BF4B-00C04F79EFBC}") = "day7", "day7\day7.csproj", "{DC54325A-425B-4D6B-8519-6D1A973D762D}"
EndProject
Project("{FAE04EC0-301F-11D3-BF4B-00C04F79EFBC}") = "Grids", "Grids\Grids.csproj", "{633628DF-72AB-41E7-9ECC-40CFDC090AF8}"
EndProject
Project("{FAE04EC0-301F-11D3-BF4B-00C04F79EFBC}") = "day8", "day8\day8.csproj", "{419A9FBE-CF29-4D18-80AD-A9611E1B800C}"
EndProject
Project("{FAE04EC0-301F-11D3-BF4B-00C04F79EFBC}") = "day9", "day9\day9.csproj", "{E4E80DB4-A4B3-4786-9971-F19402FBECA7}"
EndProject
Project("{FAE04EC0-301F-11D3-BF4B-00C04F79EFBC}") = "day10", "day10\day10.csproj", "{2B6B3EBF-80E1-4712-ABC0-A0CDE98DA9CF}"
EndProject
Project("{FAE04EC0-301F-11D3-BF4B-00C04F79EFBC}") = "day11", "day11\day11.csproj", "{0094A352-F274-4C9C-99F7-25316B79FFE2}"
EndProject
Project("{FAE04EC0-301F-11D3-BF4B-00C04F79EFBC}") = "day12", "day12\day12.csproj", "{63632295-B87E-4F9B-8382-4782A97CB98F}"
EndProject
Project("{FAE04EC0-301F-11D3-BF4B-00C04F79EFBC}") = "day13", "day13\day13.csproj", "{0CBDF68C-F0FA-4662-B8A9-EC3BDA2A4628}"
EndProject
Project("{FAE04EC0-301F-11D3-BF4B-00C04F79EFBC}") = "day14", "day14\day14.csproj", "{FB113686-5CE7-4AE7-83A5-C5257892F34E}"
EndProject
Project("{FAE04EC0-301F-11D3-BF4B-00C04F79EFBC}") = "day15", "day15\day15.csproj", "{AEBBD5D7-01A1-4D98-B8E3-2023090E79FD}"
EndProject
Project("{FAE04EC0-301F-11D3-BF4B-00C04F79EFBC}") = "day16", "day16\day16.csproj", "{A66DBEA7-F4DA-4E27-B1C9-936BFAF5FDB2}"
EndProject
Project("{FAE04EC0-301F-11D3-BF4B-00C04F79EFBC}") = "day17", "day17\day17.csproj", "{8F1C3AA8-2D30-4C8B-86CE-02A0AE8669CE}"
EndProject
Project("{FAE04EC0-301F-11D3-BF4B-00C04F79EFBC}") = "day16_attempt2", "day16_attempt2\day16_attempt2.csproj", "{C34FF6AF-3BE1-4AE3-9348-F63AE605D30F}"
EndProject
Project("{FAE04EC0-301F-11D3-BF4B-00C04F79EFBC}") = "day18", "day18\day18.csproj", "{5A364217-8A91-4DBD-87B3-F151F8DDCA28}"
EndProject
Project("{FAE04EC0-301F-11D3-BF4B-00C04F79EFBC}") = "day20", "day20\day20.csproj", "{BB42F6DE-7B5B-4AF6-9D7D-3ED78734F053}"
EndProject
Project("{FAE04EC0-301F-11D3-BF4B-00C04F79EFBC}") = "day19", "day19\day19.csproj", "{1B3BBFE7-DB40-41A5-BF45-D558B000DCCE}"
EndProject
Project("{FAE04EC0-301F-11D3-BF4B-00C04F79EFBC}") = "day21", "day21\day21.csproj", "{0C837B5F-7438-4512-93A1-33ABDE8EE5FC}"
EndProject
Project("{FAE04EC0-301F-11D3-BF4B-00C04F79EFBC}") = "day22", "day22\day22.csproj", "{A1498269-204A-4ACC-940F-9B8FB3B92E8A}"
EndProject
Project("{FAE04EC0-301F-11D3-BF4B-00C04F79EFBC}") = "day23", "day23\day23.csproj", "{5ED431D1-8952-4EDD-B549-8EC49D5E7130}"
EndProject
Project("{FAE04EC0-301F-11D3-BF4B-00C04F79EFBC}") = "day24", "day24\day24.csproj", "{30F4EE9B-AEB4-4A0D-8F7D-F51F259BC5DD}"
EndProject
Project("{FAE04EC0-301F-11D3-BF4B-00C04F79EFBC}") = "day25", "day25\day25.csproj", "{7ACB3A86-913B-4EED-A431-8E6DA6345A08}"
EndProject
Global
	GlobalSection(SolutionConfigurationPlatforms) = preSolution
		Debug|Any CPU = Debug|Any CPU
		Release|Any CPU = Release|Any CPU
	EndGlobalSection
	GlobalSection(ProjectConfigurationPlatforms) = postSolution
		{205C9BB3-AA8B-4D48-B531-995BA07AFE81}.Debug|Any CPU.ActiveCfg = Debug|Any CPU
		{205C9BB3-AA8B-4D48-B531-995BA07AFE81}.Debug|Any CPU.Build.0 = Debug|Any CPU
		{205C9BB3-AA8B-4D48-B531-995BA07AFE81}.Release|Any CPU.ActiveCfg = Release|Any CPU
		{205C9BB3-AA8B-4D48-B531-995BA07AFE81}.Release|Any CPU.Build.0 = Release|Any CPU
		{91D84D93-3FBC-4B54-8FA1-15D14D417A39}.Debug|Any CPU.ActiveCfg = Debug|Any CPU
		{91D84D93-3FBC-4B54-8FA1-15D14D417A39}.Debug|Any CPU.Build.0 = Debug|Any CPU
		{91D84D93-3FBC-4B54-8FA1-15D14D417A39}.Release|Any CPU.ActiveCfg = Release|Any CPU
		{91D84D93-3FBC-4B54-8FA1-15D14D417A39}.Release|Any CPU.Build.0 = Release|Any CPU
		{0A742787-9B72-4237-A4B0-74006858F1C0}.Debug|Any CPU.ActiveCfg = Debug|Any CPU
		{0A742787-9B72-4237-A4B0-74006858F1C0}.Debug|Any CPU.Build.0 = Debug|Any CPU
		{0A742787-9B72-4237-A4B0-74006858F1C0}.Release|Any CPU.ActiveCfg = Release|Any CPU
		{0A742787-9B72-4237-A4B0-74006858F1C0}.Release|Any CPU.Build.0 = Release|Any CPU
		{3DFB42AF-E429-420C-909D-9048818D4E13}.Debug|Any CPU.ActiveCfg = Debug|Any CPU
		{3DFB42AF-E429-420C-909D-9048818D4E13}.Debug|Any CPU.Build.0 = Debug|Any CPU
		{3DFB42AF-E429-420C-909D-9048818D4E13}.Release|Any CPU.ActiveCfg = Release|Any CPU
		{3DFB42AF-E429-420C-909D-9048818D4E13}.Release|Any CPU.Build.0 = Release|Any CPU
		{BA40C795-8D55-4789-9EBE-1D2AC4944E03}.Debug|Any CPU.ActiveCfg = Debug|Any CPU
		{BA40C795-8D55-4789-9EBE-1D2AC4944E03}.Debug|Any CPU.Build.0 = Debug|Any CPU
		{BA40C795-8D55-4789-9EBE-1D2AC4944E03}.Release|Any CPU.ActiveCfg = Release|Any CPU
		{BA40C795-8D55-4789-9EBE-1D2AC4944E03}.Release|Any CPU.Build.0 = Release|Any CPU
		{AADB9CFF-74A7-49A0-B07F-E2B81EA25A93}.Debug|Any CPU.ActiveCfg = Debug|Any CPU
		{AADB9CFF-74A7-49A0-B07F-E2B81EA25A93}.Debug|Any CPU.Build.0 = Debug|Any CPU
		{AADB9CFF-74A7-49A0-B07F-E2B81EA25A93}.Release|Any CPU.ActiveCfg = Release|Any CPU
		{AADB9CFF-74A7-49A0-B07F-E2B81EA25A93}.Release|Any CPU.Build.0 = Release|Any CPU
		{0A40E9A6-7927-479B-B121-2513004A0A7B}.Debug|Any CPU.ActiveCfg = Debug|Any CPU
		{0A40E9A6-7927-479B-B121-2513004A0A7B}.Debug|Any CPU.Build.0 = Debug|Any CPU
		{0A40E9A6-7927-479B-B121-2513004A0A7B}.Release|Any CPU.ActiveCfg = Release|Any CPU
		{0A40E9A6-7927-479B-B121-2513004A0A7B}.Release|Any CPU.Build.0 = Release|Any CPU
		{DC54325A-425B-4D6B-8519-6D1A973D762D}.Debug|Any CPU.ActiveCfg = Debug|Any CPU
		{DC54325A-425B-4D6B-8519-6D1A973D762D}.Debug|Any CPU.Build.0 = Debug|Any CPU
		{DC54325A-425B-4D6B-8519-6D1A973D762D}.Release|Any CPU.ActiveCfg = Release|Any CPU
		{DC54325A-425B-4D6B-8519-6D1A973D762D}.Release|Any CPU.Build.0 = Release|Any CPU
		{633628DF-72AB-41E7-9ECC-40CFDC090AF8}.Debug|Any CPU.ActiveCfg = Debug|Any CPU
		{633628DF-72AB-41E7-9ECC-40CFDC090AF8}.Debug|Any CPU.Build.0 = Debug|Any CPU
		{633628DF-72AB-41E7-9ECC-40CFDC090AF8}.Release|Any CPU.ActiveCfg = Release|Any CPU
		{633628DF-72AB-41E7-9ECC-40CFDC090AF8}.Release|Any CPU.Build.0 = Release|Any CPU
		{419A9FBE-CF29-4D18-80AD-A9611E1B800C}.Debug|Any CPU.ActiveCfg = Debug|Any CPU
		{419A9FBE-CF29-4D18-80AD-A9611E1B800C}.Debug|Any CPU.Build.0 = Debug|Any CPU
		{419A9FBE-CF29-4D18-80AD-A9611E1B800C}.Release|Any CPU.ActiveCfg = Release|Any CPU
		{419A9FBE-CF29-4D18-80AD-A9611E1B800C}.Release|Any CPU.Build.0 = Release|Any CPU
		{E4E80DB4-A4B3-4786-9971-F19402FBECA7}.Debug|Any CPU.ActiveCfg = Debug|Any CPU
		{E4E80DB4-A4B3-4786-9971-F19402FBECA7}.Debug|Any CPU.Build.0 = Debug|Any CPU
		{E4E80DB4-A4B3-4786-9971-F19402FBECA7}.Release|Any CPU.ActiveCfg = Release|Any CPU
		{E4E80DB4-A4B3-4786-9971-F19402FBECA7}.Release|Any CPU.Build.0 = Release|Any CPU
		{2B6B3EBF-80E1-4712-ABC0-A0CDE98DA9CF}.Debug|Any CPU.ActiveCfg = Debug|Any CPU
		{2B6B3EBF-80E1-4712-ABC0-A0CDE98DA9CF}.Debug|Any CPU.Build.0 = Debug|Any CPU
		{2B6B3EBF-80E1-4712-ABC0-A0CDE98DA9CF}.Release|Any CPU.ActiveCfg = Release|Any CPU
		{2B6B3EBF-80E1-4712-ABC0-A0CDE98DA9CF}.Release|Any CPU.Build.0 = Release|Any CPU
		{0094A352-F274-4C9C-99F7-25316B79FFE2}.Debug|Any CPU.ActiveCfg = Debug|Any CPU
		{0094A352-F274-4C9C-99F7-25316B79FFE2}.Debug|Any CPU.Build.0 = Debug|Any CPU
		{0094A352-F274-4C9C-99F7-25316B79FFE2}.Release|Any CPU.ActiveCfg = Release|Any CPU
		{0094A352-F274-4C9C-99F7-25316B79FFE2}.Release|Any CPU.Build.0 = Release|Any CPU
		{63632295-B87E-4F9B-8382-4782A97CB98F}.Debug|Any CPU.ActiveCfg = Debug|Any CPU
		{63632295-B87E-4F9B-8382-4782A97CB98F}.Debug|Any CPU.Build.0 = Debug|Any CPU
		{63632295-B87E-4F9B-8382-4782A97CB98F}.Release|Any CPU.ActiveCfg = Release|Any CPU
		{63632295-B87E-4F9B-8382-4782A97CB98F}.Release|Any CPU.Build.0 = Release|Any CPU
		{0CBDF68C-F0FA-4662-B8A9-EC3BDA2A4628}.Debug|Any CPU.ActiveCfg = Debug|Any CPU
		{0CBDF68C-F0FA-4662-B8A9-EC3BDA2A4628}.Debug|Any CPU.Build.0 = Debug|Any CPU
		{0CBDF68C-F0FA-4662-B8A9-EC3BDA2A4628}.Release|Any CPU.ActiveCfg = Release|Any CPU
		{0CBDF68C-F0FA-4662-B8A9-EC3BDA2A4628}.Release|Any CPU.Build.0 = Release|Any CPU
		{FB113686-5CE7-4AE7-83A5-C5257892F34E}.Debug|Any CPU.ActiveCfg = Debug|Any CPU
		{FB113686-5CE7-4AE7-83A5-C5257892F34E}.Debug|Any CPU.Build.0 = Debug|Any CPU
		{FB113686-5CE7-4AE7-83A5-C5257892F34E}.Release|Any CPU.ActiveCfg = Release|Any CPU
		{FB113686-5CE7-4AE7-83A5-C5257892F34E}.Release|Any CPU.Build.0 = Release|Any CPU
		{AEBBD5D7-01A1-4D98-B8E3-2023090E79FD}.Debug|Any CPU.ActiveCfg = Debug|Any CPU
		{AEBBD5D7-01A1-4D98-B8E3-2023090E79FD}.Debug|Any CPU.Build.0 = Debug|Any CPU
		{AEBBD5D7-01A1-4D98-B8E3-2023090E79FD}.Release|Any CPU.ActiveCfg = Release|Any CPU
		{AEBBD5D7-01A1-4D98-B8E3-2023090E79FD}.Release|Any CPU.Build.0 = Release|Any CPU
		{A66DBEA7-F4DA-4E27-B1C9-936BFAF5FDB2}.Debug|Any CPU.ActiveCfg = Debug|Any CPU
		{A66DBEA7-F4DA-4E27-B1C9-936BFAF5FDB2}.Debug|Any CPU.Build.0 = Debug|Any CPU
		{A66DBEA7-F4DA-4E27-B1C9-936BFAF5FDB2}.Release|Any CPU.ActiveCfg = Release|Any CPU
		{A66DBEA7-F4DA-4E27-B1C9-936BFAF5FDB2}.Release|Any CPU.Build.0 = Release|Any CPU
		{8F1C3AA8-2D30-4C8B-86CE-02A0AE8669CE}.Debug|Any CPU.ActiveCfg = Debug|Any CPU
		{8F1C3AA8-2D30-4C8B-86CE-02A0AE8669CE}.Debug|Any CPU.Build.0 = Debug|Any CPU
		{8F1C3AA8-2D30-4C8B-86CE-02A0AE8669CE}.Release|Any CPU.ActiveCfg = Release|Any CPU
		{8F1C3AA8-2D30-4C8B-86CE-02A0AE8669CE}.Release|Any CPU.Build.0 = Release|Any CPU
		{C34FF6AF-3BE1-4AE3-9348-F63AE605D30F}.Debug|Any CPU.ActiveCfg = Debug|Any CPU
		{C34FF6AF-3BE1-4AE3-9348-F63AE605D30F}.Debug|Any CPU.Build.0 = Debug|Any CPU
		{C34FF6AF-3BE1-4AE3-9348-F63AE605D30F}.Release|Any CPU.ActiveCfg = Release|Any CPU
		{C34FF6AF-3BE1-4AE3-9348-F63AE605D30F}.Release|Any CPU.Build.0 = Release|Any CPU
		{5A364217-8A91-4DBD-87B3-F151F8DDCA28}.Debug|Any CPU.ActiveCfg = Debug|Any CPU
		{5A364217-8A91-4DBD-87B3-F151F8DDCA28}.Debug|Any CPU.Build.0 = Debug|Any CPU
		{5A364217-8A91-4DBD-87B3-F151F8DDCA28}.Release|Any CPU.ActiveCfg = Release|Any CPU
		{5A364217-8A91-4DBD-87B3-F151F8DDCA28}.Release|Any CPU.Build.0 = Release|Any CPU
		{BB42F6DE-7B5B-4AF6-9D7D-3ED78734F053}.Debug|Any CPU.ActiveCfg = Debug|Any CPU
		{BB42F6DE-7B5B-4AF6-9D7D-3ED78734F053}.Debug|Any CPU.Build.0 = Debug|Any CPU
		{BB42F6DE-7B5B-4AF6-9D7D-3ED78734F053}.Release|Any CPU.ActiveCfg = Release|Any CPU
		{BB42F6DE-7B5B-4AF6-9D7D-3ED78734F053}.Release|Any CPU.Build.0 = Release|Any CPU
		{1B3BBFE7-DB40-41A5-BF45-D558B000DCCE}.Debug|Any CPU.ActiveCfg = Debug|Any CPU
		{1B3BBFE7-DB40-41A5-BF45-D558B000DCCE}.Debug|Any CPU.Build.0 = Debug|Any CPU
		{1B3BBFE7-DB40-41A5-BF45-D558B000DCCE}.Release|Any CPU.ActiveCfg = Release|Any CPU
		{1B3BBFE7-DB40-41A5-BF45-D558B000DCCE}.Release|Any CPU.Build.0 = Release|Any CPU
		{0C837B5F-7438-4512-93A1-33ABDE8EE5FC}.Debug|Any CPU.ActiveCfg = Debug|Any CPU
		{0C837B5F-7438-4512-93A1-33ABDE8EE5FC}.Debug|Any CPU.Build.0 = Debug|Any CPU
		{0C837B5F-7438-4512-93A1-33ABDE8EE5FC}.Release|Any CPU.ActiveCfg = Release|Any CPU
		{0C837B5F-7438-4512-93A1-33ABDE8EE5FC}.Release|Any CPU.Build.0 = Release|Any CPU
		{A1498269-204A-4ACC-940F-9B8FB3B92E8A}.Debug|Any CPU.ActiveCfg = Debug|Any CPU
		{A1498269-204A-4ACC-940F-9B8FB3B92E8A}.Debug|Any CPU.Build.0 = Debug|Any CPU
		{A1498269-204A-4ACC-940F-9B8FB3B92E8A}.Release|Any CPU.ActiveCfg = Release|Any CPU
		{A1498269-204A-4ACC-940F-9B8FB3B92E8A}.Release|Any CPU.Build.0 = Release|Any CPU
		{5ED431D1-8952-4EDD-B549-8EC49D5E7130}.Debug|Any CPU.ActiveCfg = Debug|Any CPU
		{5ED431D1-8952-4EDD-B549-8EC49D5E7130}.Debug|Any CPU.Build.0 = Debug|Any CPU
		{5ED431D1-8952-4EDD-B549-8EC49D5E7130}.Release|Any CPU.ActiveCfg = Release|Any CPU
		{5ED431D1-8952-4EDD-B549-8EC49D5E7130}.Release|Any CPU.Build.0 = Release|Any CPU
		{30F4EE9B-AEB4-4A0D-8F7D-F51F259BC5DD}.Debug|Any CPU.ActiveCfg = Debug|Any CPU
		{30F4EE9B-AEB4-4A0D-8F7D-F51F259BC5DD}.Debug|Any CPU.Build.0 = Debug|Any CPU
		{30F4EE9B-AEB4-4A0D-8F7D-F51F259BC5DD}.Release|Any CPU.ActiveCfg = Release|Any CPU
		{30F4EE9B-AEB4-4A0D-8F7D-F51F259BC5DD}.Release|Any CPU.Build.0 = Release|Any CPU
		{7ACB3A86-913B-4EED-A431-8E6DA6345A08}.Debug|Any CPU.ActiveCfg = Debug|Any CPU
		{7ACB3A86-913B-4EED-A431-8E6DA6345A08}.Debug|Any CPU.Build.0 = Debug|Any CPU
		{7ACB3A86-913B-4EED-A431-8E6DA6345A08}.Release|Any CPU.ActiveCfg = Release|Any CPU
		{7ACB3A86-913B-4EED-A431-8E6DA6345A08}.Release|Any CPU.Build.0 = Release|Any CPU
	EndGlobalSection
	GlobalSection(SolutionProperties) = preSolution
		HideSolutionNode = FALSE
	EndGlobalSection
	GlobalSection(ExtensibilityGlobals) = postSolution
		SolutionGuid = {D401F62F-E6A8-4C1B-BBB6-783AF040E79D}
	EndGlobalSection
EndGlobal
